// !$*UTF8*$!
{
	archiveVersion = 1;
	classes = {
	};
	objectVersion = 46;
	objects = {

/* Begin PBXBuildFile section */
		18103ECE1E3D6CF7007A0D57 /* AppDelegate.swift in Sources */ = {isa = PBXBuildFile; fileRef = 18103ECD1E3D6CF7007A0D57 /* AppDelegate.swift */; };
		18103ED31E3D6CF8007A0D57 /* Main.storyboard in Resources */ = {isa = PBXBuildFile; fileRef = 18103ED11E3D6CF8007A0D57 /* Main.storyboard */; };
		18103ED51E3D6CF8007A0D57 /* Assets.xcassets in Resources */ = {isa = PBXBuildFile; fileRef = 18103ED41E3D6CF8007A0D57 /* Assets.xcassets */; };
		18103ED81E3D6CF8007A0D57 /* LaunchScreen.storyboard in Resources */ = {isa = PBXBuildFile; fileRef = 18103ED61E3D6CF8007A0D57 /* LaunchScreen.storyboard */; };
		18103EE01E3D7394007A0D57 /* TopLevelCollectionViewController.swift in Sources */ = {isa = PBXBuildFile; fileRef = 18103EDF1E3D7394007A0D57 /* TopLevelCollectionViewController.swift */; };
		18103EE21E3D75BC007A0D57 /* EntityType.swift in Sources */ = {isa = PBXBuildFile; fileRef = 18103EE11E3D75BC007A0D57 /* EntityType.swift */; };
		18103EE61E3D85A5007A0D57 /* ItemsCollectionViewController.swift in Sources */ = {isa = PBXBuildFile; fileRef = 18103EE51E3D85A5007A0D57 /* ItemsCollectionViewController.swift */; };
		18103EEA1E3D9135007A0D57 /* DataRepo.swift in Sources */ = {isa = PBXBuildFile; fileRef = 18103EE91E3D9135007A0D57 /* DataRepo.swift */; };
		18103EEE1E3DA2AB007A0D57 /* ItemCollectionViewCell.swift in Sources */ = {isa = PBXBuildFile; fileRef = 18103EED1E3DA2AB007A0D57 /* ItemCollectionViewCell.swift */; };
		181D541D1E45A2A30032DBCA /* PhotoCollectionViewCell.swift in Sources */ = {isa = PBXBuildFile; fileRef = 181D541C1E45A2A30032DBCA /* PhotoCollectionViewCell.swift */; };
		181D541F1E45A2B30032DBCA /* PhotoCollectionViewCell.xib in Resources */ = {isa = PBXBuildFile; fileRef = 181D541E1E45A2B30032DBCA /* PhotoCollectionViewCell.xib */; };
		184D7C741E4FAD870053143C /* BodyColorTableViewCell.swift in Sources */ = {isa = PBXBuildFile; fileRef = 184D7C731E4FAD870053143C /* BodyColorTableViewCell.swift */; };
		184D7C761E4FDC5B0053143C /* ImageCell.xib in Resources */ = {isa = PBXBuildFile; fileRef = 184D7C751E4FDC5B0053143C /* ImageCell.xib */; };
		184D7C781E4FDC940053143C /* ImageTableViewCell.swift in Sources */ = {isa = PBXBuildFile; fileRef = 184D7C771E4FDC940053143C /* ImageTableViewCell.swift */; };
		184D7C7A1E4FE6BE0053143C /* FilmTableViewController.swift in Sources */ = {isa = PBXBuildFile; fileRef = 184D7C791E4FE6BE0053143C /* FilmTableViewController.swift */; };
		184D7C7C1E4FE6CA0053143C /* StarshipTableViewController.swift in Sources */ = {isa = PBXBuildFile; fileRef = 184D7C7B1E4FE6CA0053143C /* StarshipTableViewController.swift */; };
		184D7C7E1E4FE6D50053143C /* VehicleTableViewController.swift in Sources */ = {isa = PBXBuildFile; fileRef = 184D7C7D1E4FE6D50053143C /* VehicleTableViewController.swift */; };
		184D7C801E4FE6DF0053143C /* PlanetTableViewController.swift in Sources */ = {isa = PBXBuildFile; fileRef = 184D7C7F1E4FE6DF0053143C /* PlanetTableViewController.swift */; };
		184D7C821E4FE6F20053143C /* SpeciesTableViewController.swift in Sources */ = {isa = PBXBuildFile; fileRef = 184D7C811E4FE6F20053143C /* SpeciesTableViewController.swift */; };
		184D7C841E4FE8CC0053143C /* VCWithNameProtocol.swift in Sources */ = {isa = PBXBuildFile; fileRef = 184D7C831E4FE8CC0053143C /* VCWithNameProtocol.swift */; };
		186246371E43BDEF001F77FC /* PersonDetailTableViewController.swift in Sources */ = {isa = PBXBuildFile; fileRef = 186246361E43BDEF001F77FC /* PersonDetailTableViewController.swift */; };
		186246391E43C21B001F77FC /* ScrollablePhotosCell.xib in Resources */ = {isa = PBXBuildFile; fileRef = 186246381E43C21B001F77FC /* ScrollablePhotosCell.xib */; };
		1862463B1E43C261001F77FC /* ScrollablePhotosTableViewCell.swift in Sources */ = {isa = PBXBuildFile; fileRef = 1862463A1E43C261001F77FC /* ScrollablePhotosTableViewCell.swift */; };
		187AB49D1E40C3EA00A998F3 /* Displayable.swift in Sources */ = {isa = PBXBuildFile; fileRef = 187AB49C1E40C3EA00A998F3 /* Displayable.swift */; };
		187AB49F1E40C49F00A998F3 /* Planet.swift in Sources */ = {isa = PBXBuildFile; fileRef = 187AB49E1E40C49F00A998F3 /* Planet.swift */; };
		187AB4A11E40C4C400A998F3 /* Starship.swift in Sources */ = {isa = PBXBuildFile; fileRef = 187AB4A01E40C4C400A998F3 /* Starship.swift */; };
		187AB4A31E40C4DB00A998F3 /* Person.swift in Sources */ = {isa = PBXBuildFile; fileRef = 187AB4A21E40C4DB00A998F3 /* Person.swift */; };
		187AB4A51E40C4F200A998F3 /* Species.swift in Sources */ = {isa = PBXBuildFile; fileRef = 187AB4A41E40C4F200A998F3 /* Species.swift */; };
		187AB4A71E40C50900A998F3 /* Vehicle.swift in Sources */ = {isa = PBXBuildFile; fileRef = 187AB4A61E40C50900A998F3 /* Vehicle.swift */; };
		187AB4A91E40C52800A998F3 /* Film.swift in Sources */ = {isa = PBXBuildFile; fileRef = 187AB4A81E40C52800A998F3 /* Film.swift */; };
		187AB4AB1E40C54300A998F3 /* TopLevelItem.swift in Sources */ = {isa = PBXBuildFile; fileRef = 187AB4AA1E40C54300A998F3 /* TopLevelItem.swift */; };
		187AB4AF1E4102CA00A998F3 /* DataUtilities.swift in Sources */ = {isa = PBXBuildFile; fileRef = 187AB4AE1E4102CA00A998F3 /* DataUtilities.swift */; };
		187AB4B11E41232800A998F3 /* TopLevelCollectionViewCell.swift in Sources */ = {isa = PBXBuildFile; fileRef = 187AB4B01E41232800A998F3 /* TopLevelCollectionViewCell.swift */; };
		189BC2741E498A02005F2EB4 /* Array+Rotate.swift in Sources */ = {isa = PBXBuildFile; fileRef = 189BC2731E498A02005F2EB4 /* Array+Rotate.swift */; };
		189BC2761E4A13EB005F2EB4 /* HeightMassCell.xib in Resources */ = {isa = PBXBuildFile; fileRef = 189BC2751E4A13EB005F2EB4 /* HeightMassCell.xib */; };
		18E795FB1E4F73B800647ED2 /* BodyColorCell.xib in Resources */ = {isa = PBXBuildFile; fileRef = 18E795FA1E4F73B800647ED2 /* BodyColorCell.xib */; };
		18E795FD1E4F73D600647ED2 /* GenderBirthyearCell.xib in Resources */ = {isa = PBXBuildFile; fileRef = 18E795FC1E4F73D600647ED2 /* GenderBirthyearCell.xib */; };
		18E795FF1E4F91D500647ED2 /* HeightMassTableViewCell.swift in Sources */ = {isa = PBXBuildFile; fileRef = 18E795FE1E4F91D500647ED2 /* HeightMassTableViewCell.swift */; };
		18E796011E4F976B00647ED2 /* GenderBirthyearTableViewCell.swift in Sources */ = {isa = PBXBuildFile; fileRef = 18E796001E4F976B00647ED2 /* GenderBirthyearTableViewCell.swift */; };
		5AC3292D68BAF205B1F7C785 /* Pods_StarWars.framework in Frameworks */ = {isa = PBXBuildFile; fileRef = 2E56E9F81676407FC3765D0D /* Pods_StarWars.framework */; };
/* End PBXBuildFile section */

/* Begin PBXFileReference section */
		18103ECA1E3D6CF7007A0D57 /* StarWars.app */ = {isa = PBXFileReference; explicitFileType = wrapper.application; includeInIndex = 0; path = StarWars.app; sourceTree = BUILT_PRODUCTS_DIR; };
		18103ECD1E3D6CF7007A0D57 /* AppDelegate.swift */ = {isa = PBXFileReference; lastKnownFileType = sourcecode.swift; path = AppDelegate.swift; sourceTree = "<group>"; };
		18103ED21E3D6CF8007A0D57 /* Base */ = {isa = PBXFileReference; lastKnownFileType = file.storyboard; name = Base; path = Base.lproj/Main.storyboard; sourceTree = "<group>"; };
		18103ED41E3D6CF8007A0D57 /* Assets.xcassets */ = {isa = PBXFileReference; lastKnownFileType = folder.assetcatalog; path = Assets.xcassets; sourceTree = "<group>"; };
		18103ED71E3D6CF8007A0D57 /* Base */ = {isa = PBXFileReference; lastKnownFileType = file.storyboard; name = Base; path = Base.lproj/LaunchScreen.storyboard; sourceTree = "<group>"; };
		18103ED91E3D6CF8007A0D57 /* Info.plist */ = {isa = PBXFileReference; lastKnownFileType = text.plist.xml; path = Info.plist; sourceTree = "<group>"; };
		18103EDF1E3D7394007A0D57 /* TopLevelCollectionViewController.swift */ = {isa = PBXFileReference; fileEncoding = 4; lastKnownFileType = sourcecode.swift; path = TopLevelCollectionViewController.swift; sourceTree = "<group>"; };
		18103EE11E3D75BC007A0D57 /* EntityType.swift */ = {isa = PBXFileReference; fileEncoding = 4; lastKnownFileType = sourcecode.swift; path = EntityType.swift; sourceTree = "<group>"; };
		18103EE51E3D85A5007A0D57 /* ItemsCollectionViewController.swift */ = {isa = PBXFileReference; fileEncoding = 4; lastKnownFileType = sourcecode.swift; path = ItemsCollectionViewController.swift; sourceTree = "<group>"; };
		18103EE91E3D9135007A0D57 /* DataRepo.swift */ = {isa = PBXFileReference; fileEncoding = 4; lastKnownFileType = sourcecode.swift; path = DataRepo.swift; sourceTree = "<group>"; };
		18103EED1E3DA2AB007A0D57 /* ItemCollectionViewCell.swift */ = {isa = PBXFileReference; fileEncoding = 4; lastKnownFileType = sourcecode.swift; path = ItemCollectionViewCell.swift; sourceTree = "<group>"; };
		181D541C1E45A2A30032DBCA /* PhotoCollectionViewCell.swift */ = {isa = PBXFileReference; fileEncoding = 4; lastKnownFileType = sourcecode.swift; path = PhotoCollectionViewCell.swift; sourceTree = "<group>"; };
		181D541E1E45A2B30032DBCA /* PhotoCollectionViewCell.xib */ = {isa = PBXFileReference; fileEncoding = 4; lastKnownFileType = file.xib; path = PhotoCollectionViewCell.xib; sourceTree = "<group>"; };
		184D7C731E4FAD870053143C /* BodyColorTableViewCell.swift */ = {isa = PBXFileReference; fileEncoding = 4; lastKnownFileType = sourcecode.swift; path = BodyColorTableViewCell.swift; sourceTree = "<group>"; };
		184D7C751E4FDC5B0053143C /* ImageCell.xib */ = {isa = PBXFileReference; fileEncoding = 4; lastKnownFileType = file.xib; path = ImageCell.xib; sourceTree = "<group>"; };
		184D7C771E4FDC940053143C /* ImageTableViewCell.swift */ = {isa = PBXFileReference; fileEncoding = 4; lastKnownFileType = sourcecode.swift; path = ImageTableViewCell.swift; sourceTree = "<group>"; };
		184D7C791E4FE6BE0053143C /* FilmTableViewController.swift */ = {isa = PBXFileReference; fileEncoding = 4; lastKnownFileType = sourcecode.swift; path = FilmTableViewController.swift; sourceTree = "<group>"; };
		184D7C7B1E4FE6CA0053143C /* StarshipTableViewController.swift */ = {isa = PBXFileReference; fileEncoding = 4; lastKnownFileType = sourcecode.swift; path = StarshipTableViewController.swift; sourceTree = "<group>"; };
		184D7C7D1E4FE6D50053143C /* VehicleTableViewController.swift */ = {isa = PBXFileReference; fileEncoding = 4; lastKnownFileType = sourcecode.swift; path = VehicleTableViewController.swift; sourceTree = "<group>"; };
		184D7C7F1E4FE6DF0053143C /* PlanetTableViewController.swift */ = {isa = PBXFileReference; fileEncoding = 4; lastKnownFileType = sourcecode.swift; path = PlanetTableViewController.swift; sourceTree = "<group>"; };
		184D7C811E4FE6F20053143C /* SpeciesTableViewController.swift */ = {isa = PBXFileReference; fileEncoding = 4; lastKnownFileType = sourcecode.swift; path = SpeciesTableViewController.swift; sourceTree = "<group>"; };
		184D7C831E4FE8CC0053143C /* VCWithNameProtocol.swift */ = {isa = PBXFileReference; fileEncoding = 4; lastKnownFileType = sourcecode.swift; path = VCWithNameProtocol.swift; sourceTree = "<group>"; };
		186246361E43BDEF001F77FC /* PersonDetailTableViewController.swift */ = {isa = PBXFileReference; fileEncoding = 4; lastKnownFileType = sourcecode.swift; path = PersonDetailTableViewController.swift; sourceTree = "<group>"; };
		186246381E43C21B001F77FC /* ScrollablePhotosCell.xib */ = {isa = PBXFileReference; fileEncoding = 4; lastKnownFileType = file.xib; path = ScrollablePhotosCell.xib; sourceTree = "<group>"; };
		1862463A1E43C261001F77FC /* ScrollablePhotosTableViewCell.swift */ = {isa = PBXFileReference; fileEncoding = 4; lastKnownFileType = sourcecode.swift; path = ScrollablePhotosTableViewCell.swift; sourceTree = "<group>"; };
		187AB49C1E40C3EA00A998F3 /* Displayable.swift */ = {isa = PBXFileReference; fileEncoding = 4; lastKnownFileType = sourcecode.swift; path = Displayable.swift; sourceTree = "<group>"; };
		187AB49E1E40C49F00A998F3 /* Planet.swift */ = {isa = PBXFileReference; fileEncoding = 4; lastKnownFileType = sourcecode.swift; path = Planet.swift; sourceTree = "<group>"; };
		187AB4A01E40C4C400A998F3 /* Starship.swift */ = {isa = PBXFileReference; fileEncoding = 4; lastKnownFileType = sourcecode.swift; path = Starship.swift; sourceTree = "<group>"; };
		187AB4A21E40C4DB00A998F3 /* Person.swift */ = {isa = PBXFileReference; fileEncoding = 4; lastKnownFileType = sourcecode.swift; path = Person.swift; sourceTree = "<group>"; };
		187AB4A41E40C4F200A998F3 /* Species.swift */ = {isa = PBXFileReference; fileEncoding = 4; lastKnownFileType = sourcecode.swift; path = Species.swift; sourceTree = "<group>"; };
		187AB4A61E40C50900A998F3 /* Vehicle.swift */ = {isa = PBXFileReference; fileEncoding = 4; lastKnownFileType = sourcecode.swift; path = Vehicle.swift; sourceTree = "<group>"; };
		187AB4A81E40C52800A998F3 /* Film.swift */ = {isa = PBXFileReference; fileEncoding = 4; lastKnownFileType = sourcecode.swift; path = Film.swift; sourceTree = "<group>"; };
		187AB4AA1E40C54300A998F3 /* TopLevelItem.swift */ = {isa = PBXFileReference; fileEncoding = 4; lastKnownFileType = sourcecode.swift; path = TopLevelItem.swift; sourceTree = "<group>"; };
		187AB4AE1E4102CA00A998F3 /* DataUtilities.swift */ = {isa = PBXFileReference; fileEncoding = 4; lastKnownFileType = sourcecode.swift; path = DataUtilities.swift; sourceTree = "<group>"; };
		187AB4B01E41232800A998F3 /* TopLevelCollectionViewCell.swift */ = {isa = PBXFileReference; fileEncoding = 4; lastKnownFileType = sourcecode.swift; path = TopLevelCollectionViewCell.swift; sourceTree = "<group>"; };
		189BC2731E498A02005F2EB4 /* Array+Rotate.swift */ = {isa = PBXFileReference; fileEncoding = 4; lastKnownFileType = sourcecode.swift; path = "Array+Rotate.swift"; sourceTree = "<group>"; };
		189BC2751E4A13EB005F2EB4 /* HeightMassCell.xib */ = {isa = PBXFileReference; fileEncoding = 4; lastKnownFileType = file.xib; path = HeightMassCell.xib; sourceTree = "<group>"; };
		18E795FA1E4F73B800647ED2 /* BodyColorCell.xib */ = {isa = PBXFileReference; fileEncoding = 4; lastKnownFileType = file.xib; path = BodyColorCell.xib; sourceTree = "<group>"; };
		18E795FC1E4F73D600647ED2 /* GenderBirthyearCell.xib */ = {isa = PBXFileReference; fileEncoding = 4; lastKnownFileType = file.xib; path = GenderBirthyearCell.xib; sourceTree = "<group>"; };
		18E795FE1E4F91D500647ED2 /* HeightMassTableViewCell.swift */ = {isa = PBXFileReference; fileEncoding = 4; lastKnownFileType = sourcecode.swift; path = HeightMassTableViewCell.swift; sourceTree = "<group>"; };
		18E796001E4F976B00647ED2 /* GenderBirthyearTableViewCell.swift */ = {isa = PBXFileReference; fileEncoding = 4; lastKnownFileType = sourcecode.swift; path = GenderBirthyearTableViewCell.swift; sourceTree = "<group>"; };
		2E56E9F81676407FC3765D0D /* Pods_StarWars.framework */ = {isa = PBXFileReference; explicitFileType = wrapper.framework; includeInIndex = 0; path = Pods_StarWars.framework; sourceTree = BUILT_PRODUCTS_DIR; };
		6C6A5B5BA3314CB9002583BA /* Pods-StarWars.release.xcconfig */ = {isa = PBXFileReference; includeInIndex = 1; lastKnownFileType = text.xcconfig; name = "Pods-StarWars.release.xcconfig"; path = "Pods/Target Support Files/Pods-StarWars/Pods-StarWars.release.xcconfig"; sourceTree = "<group>"; };
		EE4C1800A80562814722E920 /* Pods-StarWars.debug.xcconfig */ = {isa = PBXFileReference; includeInIndex = 1; lastKnownFileType = text.xcconfig; name = "Pods-StarWars.debug.xcconfig"; path = "Pods/Target Support Files/Pods-StarWars/Pods-StarWars.debug.xcconfig"; sourceTree = "<group>"; };
/* End PBXFileReference section */

/* Begin PBXFrameworksBuildPhase section */
		18103EC71E3D6CEE007A0D57 /* Frameworks */ = {
			isa = PBXFrameworksBuildPhase;
			buildActionMask = 2147483647;
			files = (
				5AC3292D68BAF205B1F7C785 /* Pods_StarWars.framework in Frameworks */,
			);
			runOnlyForDeploymentPostprocessing = 0;
		};
/* End PBXFrameworksBuildPhase section */

/* Begin PBXGroup section */
		18103EC11E3D6CEE007A0D57 = {
			isa = PBXGroup;
			children = (
				18103ECC1E3D6CF7007A0D57 /* StarWars */,
				18103ECB1E3D6CF7007A0D57 /* Products */,
				FE402A852B203CE1D7E935B9 /* Pods */,
				A706B6E0CC21DF5CEC7804B3 /* Frameworks */,
			);
			sourceTree = "<group>";
		};
		18103ECB1E3D6CF7007A0D57 /* Products */ = {
			isa = PBXGroup;
			children = (
				18103ECA1E3D6CF7007A0D57 /* StarWars.app */,
			);
			name = Products;
			sourceTree = "<group>";
		};
		18103ECC1E3D6CF7007A0D57 /* StarWars */ = {
			isa = PBXGroup;
			children = (
				189BC2701E461EA9005F2EB4 /* ScrollablePhotosCell */,
				189BC2771E4A1427005F2EB4 /* PersonInfoCells */,
				18103EF61E3DA852007A0D57 /* View Controllers */,
				18103EF51E3DA83D007A0D57 /* Data Models */,
				18103ECD1E3D6CF7007A0D57 /* AppDelegate.swift */,
				18103ED11E3D6CF8007A0D57 /* Main.storyboard */,
				189BC2731E498A02005F2EB4 /* Array+Rotate.swift */,
				18103EE91E3D9135007A0D57 /* DataRepo.swift */,
				18103ED41E3D6CF8007A0D57 /* Assets.xcassets */,
				18103ED61E3D6CF8007A0D57 /* LaunchScreen.storyboard */,
				18103ED91E3D6CF8007A0D57 /* Info.plist */,
			);
			path = StarWars;
			sourceTree = "<group>";
		};
		18103EF51E3DA83D007A0D57 /* Data Models */ = {
			isa = PBXGroup;
			children = (
				187AB4A61E40C50900A998F3 /* Vehicle.swift */,
				18103EE11E3D75BC007A0D57 /* EntityType.swift */,
				187AB4A81E40C52800A998F3 /* Film.swift */,
				187AB49C1E40C3EA00A998F3 /* Displayable.swift */,
				187AB49E1E40C49F00A998F3 /* Planet.swift */,
				187AB4A01E40C4C400A998F3 /* Starship.swift */,
				187AB4A21E40C4DB00A998F3 /* Person.swift */,
				187AB4A41E40C4F200A998F3 /* Species.swift */,
				187AB4AA1E40C54300A998F3 /* TopLevelItem.swift */,
				187AB4AE1E4102CA00A998F3 /* DataUtilities.swift */,
			);
			name = "Data Models";
			sourceTree = "<group>";
		};
		18103EF61E3DA852007A0D57 /* View Controllers */ = {
			isa = PBXGroup;
			children = (
				18103EDF1E3D7394007A0D57 /* TopLevelCollectionViewController.swift */,
				186246361E43BDEF001F77FC /* PersonDetailTableViewController.swift */,
				18103EE51E3D85A5007A0D57 /* ItemsCollectionViewController.swift */,
				187AB4B01E41232800A998F3 /* TopLevelCollectionViewCell.swift */,
				18103EED1E3DA2AB007A0D57 /* ItemCollectionViewCell.swift */,
				184D7C791E4FE6BE0053143C /* FilmTableViewController.swift */,
				184D7C7B1E4FE6CA0053143C /* StarshipTableViewController.swift */,
				184D7C7D1E4FE6D50053143C /* VehicleTableViewController.swift */,
				184D7C7F1E4FE6DF0053143C /* PlanetTableViewController.swift */,
				184D7C811E4FE6F20053143C /* SpeciesTableViewController.swift */,
				184D7C831E4FE8CC0053143C /* VCWithNameProtocol.swift */,
			);
			name = "View Controllers";
			sourceTree = "<group>";
		};
		189BC2701E461EA9005F2EB4 /* ScrollablePhotosCell */ = {
			isa = PBXGroup;
			children = (
				1862463A1E43C261001F77FC /* ScrollablePhotosTableViewCell.swift */,
				181D541E1E45A2B30032DBCA /* PhotoCollectionViewCell.xib */,
				186246381E43C21B001F77FC /* ScrollablePhotosCell.xib */,
				181D541C1E45A2A30032DBCA /* PhotoCollectionViewCell.swift */,
			);
			name = ScrollablePhotosCell;
			sourceTree = "<group>";
		};
		189BC2771E4A1427005F2EB4 /* PersonInfoCells */ = {
			isa = PBXGroup;
			children = (
				189BC2751E4A13EB005F2EB4 /* HeightMassCell.xib */,
				18E795FA1E4F73B800647ED2 /* BodyColorCell.xib */,
				184D7C731E4FAD870053143C /* BodyColorTableViewCell.swift */,
				18E795FC1E4F73D600647ED2 /* GenderBirthyearCell.xib */,
				18E796001E4F976B00647ED2 /* GenderBirthyearTableViewCell.swift */,
				18E795FE1E4F91D500647ED2 /* HeightMassTableViewCell.swift */,
				184D7C751E4FDC5B0053143C /* ImageCell.xib */,
				184D7C771E4FDC940053143C /* ImageTableViewCell.swift */,
			);
			name = PersonInfoCells;
			sourceTree = "<group>";
		};
		A706B6E0CC21DF5CEC7804B3 /* Frameworks */ = {
			isa = PBXGroup;
			children = (
				2E56E9F81676407FC3765D0D /* Pods_StarWars.framework */,
			);
			name = Frameworks;
			sourceTree = "<group>";
		};
		FE402A852B203CE1D7E935B9 /* Pods */ = {
			isa = PBXGroup;
			children = (
				EE4C1800A80562814722E920 /* Pods-StarWars.debug.xcconfig */,
				6C6A5B5BA3314CB9002583BA /* Pods-StarWars.release.xcconfig */,
			);
			name = Pods;
			sourceTree = "<group>";
		};
/* End PBXGroup section */

/* Begin PBXNativeTarget section */
		18103EC91E3D6CEE007A0D57 /* StarWars */ = {
			isa = PBXNativeTarget;
			buildConfigurationList = 18103EDC1E3D6CF8007A0D57 /* Build configuration list for PBXNativeTarget "StarWars" */;
			buildPhases = (
				C9A879EBA745D4D6ED9A571E /* 📦 Check Pods Manifest.lock */,
				18103EC61E3D6CEE007A0D57 /* Sources */,
				18103EC71E3D6CEE007A0D57 /* Frameworks */,
				18103EC81E3D6CEE007A0D57 /* Resources */,
				909AE9CC58B19D1C0060D009 /* 📦 Embed Pods Frameworks */,
				C9AF61D814E20A583216D345 /* 📦 Copy Pods Resources */,
				18F229E41E4FEFA700D1C0E3 /* ShellScript */,
			);
			buildRules = (
			);
			dependencies = (
			);
			name = StarWars;
			productName = StarWars;
			productReference = 18103ECA1E3D6CF7007A0D57 /* StarWars.app */;
			productType = "com.apple.product-type.application";
		};
/* End PBXNativeTarget section */

/* Begin PBXProject section */
		18103EC21E3D6CEE007A0D57 /* Project object */ = {
			isa = PBXProject;
			attributes = {
				LastSwiftUpdateCheck = 0820;
				LastUpgradeCheck = 0820;
				ORGANIZATIONNAME = "Ephraim Kunz";
				TargetAttributes = {
					18103EC91E3D6CEE007A0D57 = {
						CreatedOnToolsVersion = 8.2.1;
						DevelopmentTeam = D5ED37V79V;
						LastSwiftMigration = 0820;
						ProvisioningStyle = Automatic;
					};
				};
			};
			buildConfigurationList = 18103EC51E3D6CEE007A0D57 /* Build configuration list for PBXProject "StarWars" */;
			compatibilityVersion = "Xcode 3.2";
			developmentRegion = English;
			hasScannedForEncodings = 0;
			knownRegions = (
				en,
				Base,
			);
			mainGroup = 18103EC11E3D6CEE007A0D57;
			productRefGroup = 18103ECB1E3D6CF7007A0D57 /* Products */;
			projectDirPath = "";
			projectRoot = "";
			targets = (
				18103EC91E3D6CEE007A0D57 /* StarWars */,
			);
		};
/* End PBXProject section */

/* Begin PBXResourcesBuildPhase section */
		18103EC81E3D6CEE007A0D57 /* Resources */ = {
			isa = PBXResourcesBuildPhase;
			buildActionMask = 2147483647;
			files = (
				18103ED81E3D6CF8007A0D57 /* LaunchScreen.storyboard in Resources */,
				18E795FB1E4F73B800647ED2 /* BodyColorCell.xib in Resources */,
				181D541F1E45A2B30032DBCA /* PhotoCollectionViewCell.xib in Resources */,
				189BC2761E4A13EB005F2EB4 /* HeightMassCell.xib in Resources */,
				18E795FD1E4F73D600647ED2 /* GenderBirthyearCell.xib in Resources */,
				186246391E43C21B001F77FC /* ScrollablePhotosCell.xib in Resources */,
				184D7C761E4FDC5B0053143C /* ImageCell.xib in Resources */,
				18103ED51E3D6CF8007A0D57 /* Assets.xcassets in Resources */,
				18103ED31E3D6CF8007A0D57 /* Main.storyboard in Resources */,
			);
			runOnlyForDeploymentPostprocessing = 0;
		};
/* End PBXResourcesBuildPhase section */

/* Begin PBXShellScriptBuildPhase section */
		18F229E41E4FEFA700D1C0E3 /* ShellScript */ = {
			isa = PBXShellScriptBuildPhase;
			buildActionMask = 2147483647;
			files = (
			);
			inputPaths = (
			);
			outputPaths = (
			);
			runOnlyForDeploymentPostprocessing = 0;
			shellPath = /bin/sh;
			shellScript = "\"${PODS_ROOT}/Fabric/run\" abd7e04d91a9cd3680a3cac4718edbb8b6044ad8 0b7f30e6caca457e72ae2610360cae3ce53bed94b81a4fa41b590d5277d38b34";
		};
		909AE9CC58B19D1C0060D009 /* 📦 Embed Pods Frameworks */ = {
			isa = PBXShellScriptBuildPhase;
			buildActionMask = 2147483647;
			files = (
			);
			inputPaths = (
			);
			name = "📦 Embed Pods Frameworks";
			outputPaths = (
			);
			runOnlyForDeploymentPostprocessing = 0;
			shellPath = /bin/sh;
			shellScript = "\"${SRCROOT}/Pods/Target Support Files/Pods-StarWars/Pods-StarWars-frameworks.sh\"\n";
			showEnvVarsInLog = 0;
		};
		C9A879EBA745D4D6ED9A571E /* 📦 Check Pods Manifest.lock */ = {
			isa = PBXShellScriptBuildPhase;
			buildActionMask = 2147483647;
			files = (
			);
			inputPaths = (
			);
			name = "📦 Check Pods Manifest.lock";
			outputPaths = (
			);
			runOnlyForDeploymentPostprocessing = 0;
			shellPath = /bin/sh;
			shellScript = "diff \"${PODS_ROOT}/../Podfile.lock\" \"${PODS_ROOT}/Manifest.lock\" > /dev/null\nif [[ $? != 0 ]] ; then\n    cat << EOM\nerror: The sandbox is not in sync with the Podfile.lock. Run 'pod install' or update your CocoaPods installation.\nEOM\n    exit 1\nfi\n";
			showEnvVarsInLog = 0;
		};
		C9AF61D814E20A583216D345 /* 📦 Copy Pods Resources */ = {
			isa = PBXShellScriptBuildPhase;
			buildActionMask = 2147483647;
			files = (
			);
			inputPaths = (
			);
			name = "📦 Copy Pods Resources";
			outputPaths = (
			);
			runOnlyForDeploymentPostprocessing = 0;
			shellPath = /bin/sh;
			shellScript = "\"${SRCROOT}/Pods/Target Support Files/Pods-StarWars/Pods-StarWars-resources.sh\"\n";
			showEnvVarsInLog = 0;
		};
/* End PBXShellScriptBuildPhase section */

/* Begin PBXSourcesBuildPhase section */
		18103EC61E3D6CEE007A0D57 /* Sources */ = {
			isa = PBXSourcesBuildPhase;
			buildActionMask = 2147483647;
			files = (
				18E795FF1E4F91D500647ED2 /* HeightMassTableViewCell.swift in Sources */,
				186246371E43BDEF001F77FC /* PersonDetailTableViewController.swift in Sources */,
				18103ECE1E3D6CF7007A0D57 /* AppDelegate.swift in Sources */,
				187AB4A11E40C4C400A998F3 /* Starship.swift in Sources */,
				184D7C7E1E4FE6D50053143C /* VehicleTableViewController.swift in Sources */,
				18103EEA1E3D9135007A0D57 /* DataRepo.swift in Sources */,
				181D541D1E45A2A30032DBCA /* PhotoCollectionViewCell.swift in Sources */,
				184D7C821E4FE6F20053143C /* SpeciesTableViewController.swift in Sources */,
				187AB4AF1E4102CA00A998F3 /* DataUtilities.swift in Sources */,
				189BC2741E498A02005F2EB4 /* Array+Rotate.swift in Sources */,
				187AB4A71E40C50900A998F3 /* Vehicle.swift in Sources */,
				184D7C7C1E4FE6CA0053143C /* StarshipTableViewController.swift in Sources */,
				184D7C781E4FDC940053143C /* ImageTableViewCell.swift in Sources */,
				18103EE01E3D7394007A0D57 /* TopLevelCollectionViewController.swift in Sources */,
				187AB4A51E40C4F200A998F3 /* Species.swift in Sources */,
				187AB4A31E40C4DB00A998F3 /* Person.swift in Sources */,
				18103EEE1E3DA2AB007A0D57 /* ItemCollectionViewCell.swift in Sources */,
				187AB4AB1E40C54300A998F3 /* TopLevelItem.swift in Sources */,
				187AB4B11E41232800A998F3 /* TopLevelCollectionViewCell.swift in Sources */,
				187AB4A91E40C52800A998F3 /* Film.swift in Sources */,
				1862463B1E43C261001F77FC /* ScrollablePhotosTableViewCell.swift in Sources */,
				184D7C741E4FAD870053143C /* BodyColorTableViewCell.swift in Sources */,
				184D7C7A1E4FE6BE0053143C /* FilmTableViewController.swift in Sources */,
				18103EE21E3D75BC007A0D57 /* EntityType.swift in Sources */,
				187AB49D1E40C3EA00A998F3 /* Displayable.swift in Sources */,
				184D7C841E4FE8CC0053143C /* VCWithNameProtocol.swift in Sources */,
				18103EE61E3D85A5007A0D57 /* ItemsCollectionViewController.swift in Sources */,
				184D7C801E4FE6DF0053143C /* PlanetTableViewController.swift in Sources */,
				187AB49F1E40C49F00A998F3 /* Planet.swift in Sources */,
				18E796011E4F976B00647ED2 /* GenderBirthyearTableViewCell.swift in Sources */,
			);
			runOnlyForDeploymentPostprocessing = 0;
		};
/* End PBXSourcesBuildPhase section */

/* Begin PBXVariantGroup section */
		18103ED11E3D6CF8007A0D57 /* Main.storyboard */ = {
			isa = PBXVariantGroup;
			children = (
				18103ED21E3D6CF8007A0D57 /* Base */,
			);
			name = Main.storyboard;
			sourceTree = "<group>";
		};
		18103ED61E3D6CF8007A0D57 /* LaunchScreen.storyboard */ = {
			isa = PBXVariantGroup;
			children = (
				18103ED71E3D6CF8007A0D57 /* Base */,
			);
			name = LaunchScreen.storyboard;
			sourceTree = "<group>";
		};
/* End PBXVariantGroup section */

/* Begin XCBuildConfiguration section */
		18103EDA1E3D6CF8007A0D57 /* Debug */ = {
			isa = XCBuildConfiguration;
			buildSettings = {
				ALWAYS_SEARCH_USER_PATHS = NO;
				CLANG_ANALYZER_NONNULL = YES;
				CLANG_CXX_LANGUAGE_STANDARD = "gnu++0x";
				CLANG_CXX_LIBRARY = "libc++";
				CLANG_ENABLE_MODULES = YES;
				CLANG_ENABLE_OBJC_ARC = YES;
				CLANG_WARN_BOOL_CONVERSION = YES;
				CLANG_WARN_CONSTANT_CONVERSION = YES;
				CLANG_WARN_DIRECT_OBJC_ISA_USAGE = YES_ERROR;
				CLANG_WARN_DOCUMENTATION_COMMENTS = YES;
				CLANG_WARN_EMPTY_BODY = YES;
				CLANG_WARN_ENUM_CONVERSION = YES;
				CLANG_WARN_INFINITE_RECURSION = YES;
				CLANG_WARN_INT_CONVERSION = YES;
				CLANG_WARN_OBJC_ROOT_CLASS = YES_ERROR;
				CLANG_WARN_SUSPICIOUS_MOVE = YES;
				CLANG_WARN_UNREACHABLE_CODE = YES;
				CLANG_WARN__DUPLICATE_METHOD_MATCH = YES;
				"CODE_SIGN_IDENTITY[sdk=iphoneos*]" = "iPhone Developer";
				COPY_PHASE_STRIP = NO;
				DEBUG_INFORMATION_FORMAT = dwarf;
				ENABLE_STRICT_OBJC_MSGSEND = YES;
				ENABLE_TESTABILITY = YES;
				GCC_C_LANGUAGE_STANDARD = gnu99;
				GCC_DYNAMIC_NO_PIC = NO;
				GCC_NO_COMMON_BLOCKS = YES;
				GCC_OPTIMIZATION_LEVEL = 0;
				GCC_PREPROCESSOR_DEFINITIONS = (
					"DEBUG=1",
					"$(inherited)",
				);
				GCC_WARN_64_TO_32_BIT_CONVERSION = YES;
				GCC_WARN_ABOUT_RETURN_TYPE = YES_ERROR;
				GCC_WARN_UNDECLARED_SELECTOR = YES;
				GCC_WARN_UNINITIALIZED_AUTOS = YES_AGGRESSIVE;
				GCC_WARN_UNUSED_FUNCTION = YES;
				GCC_WARN_UNUSED_VARIABLE = YES;
				IPHONEOS_DEPLOYMENT_TARGET = 10.2;
				MTL_ENABLE_DEBUG_INFO = YES;
				ONLY_ACTIVE_ARCH = YES;
				SDKROOT = iphoneos;
				SWIFT_ACTIVE_COMPILATION_CONDITIONS = DEBUG;
				SWIFT_OPTIMIZATION_LEVEL = "-Onone";
				TARGETED_DEVICE_FAMILY = "1,2";
			};
			name = Debug;
		};
		18103EDB1E3D6CF8007A0D57 /* Release */ = {
			isa = XCBuildConfiguration;
			buildSettings = {
				ALWAYS_SEARCH_USER_PATHS = NO;
				CLANG_ANALYZER_NONNULL = YES;
				CLANG_CXX_LANGUAGE_STANDARD = "gnu++0x";
				CLANG_CXX_LIBRARY = "libc++";
				CLANG_ENABLE_MODULES = YES;
				CLANG_ENABLE_OBJC_ARC = YES;
				CLANG_WARN_BOOL_CONVERSION = YES;
				CLANG_WARN_CONSTANT_CONVERSION = YES;
				CLANG_WARN_DIRECT_OBJC_ISA_USAGE = YES_ERROR;
				CLANG_WARN_DOCUMENTATION_COMMENTS = YES;
				CLANG_WARN_EMPTY_BODY = YES;
				CLANG_WARN_ENUM_CONVERSION = YES;
				CLANG_WARN_INFINITE_RECURSION = YES;
				CLANG_WARN_INT_CONVERSION = YES;
				CLANG_WARN_OBJC_ROOT_CLASS = YES_ERROR;
				CLANG_WARN_SUSPICIOUS_MOVE = YES;
				CLANG_WARN_UNREACHABLE_CODE = YES;
				CLANG_WARN__DUPLICATE_METHOD_MATCH = YES;
				"CODE_SIGN_IDENTITY[sdk=iphoneos*]" = "iPhone Developer";
				COPY_PHASE_STRIP = NO;
				DEBUG_INFORMATION_FORMAT = "dwarf-with-dsym";
				ENABLE_NS_ASSERTIONS = NO;
				ENABLE_STRICT_OBJC_MSGSEND = YES;
				GCC_C_LANGUAGE_STANDARD = gnu99;
				GCC_NO_COMMON_BLOCKS = YES;
				GCC_WARN_64_TO_32_BIT_CONVERSION = YES;
				GCC_WARN_ABOUT_RETURN_TYPE = YES_ERROR;
				GCC_WARN_UNDECLARED_SELECTOR = YES;
				GCC_WARN_UNINITIALIZED_AUTOS = YES_AGGRESSIVE;
				GCC_WARN_UNUSED_FUNCTION = YES;
				GCC_WARN_UNUSED_VARIABLE = YES;
				IPHONEOS_DEPLOYMENT_TARGET = 10.2;
				MTL_ENABLE_DEBUG_INFO = NO;
				SDKROOT = iphoneos;
				SWIFT_OPTIMIZATION_LEVEL = "-Owholemodule";
				TARGETED_DEVICE_FAMILY = "1,2";
				VALIDATE_PRODUCT = YES;
			};
			name = Release;
		};
		18103EDD1E3D6CF8007A0D57 /* Debug */ = {
			isa = XCBuildConfiguration;
			baseConfigurationReference = EE4C1800A80562814722E920 /* Pods-StarWars.debug.xcconfig */;
			buildSettings = {
				ALWAYS_EMBED_SWIFT_STANDARD_LIBRARIES = YES;
				ASSETCATALOG_COMPILER_APPICON_NAME = AppIcon;
				DEVELOPMENT_TEAM = D5ED37V79V;
				INFOPLIST_FILE = StarWars/Info.plist;
				IPHONEOS_DEPLOYMENT_TARGET = 9.0;
				LD_RUNPATH_SEARCH_PATHS = "$(inherited) @executable_path/Frameworks";
				PRODUCT_BUNDLE_IDENTIFIER = com.ephraimkunz.StarWars;
				PRODUCT_NAME = "$(TARGET_NAME)";
				SWIFT_VERSION = 3.0;
			};
			name = Debug;
		};
		18103EDE1E3D6CF8007A0D57 /* Release */ = {
			isa = XCBuildConfiguration;
			baseConfigurationReference = 6C6A5B5BA3314CB9002583BA /* Pods-StarWars.release.xcconfig */;
			buildSettings = {
				ALWAYS_EMBED_SWIFT_STANDARD_LIBRARIES = YES;
				ASSETCATALOG_COMPILER_APPICON_NAME = AppIcon;
				DEVELOPMENT_TEAM = D5ED37V79V;
				INFOPLIST_FILE = StarWars/Info.plist;
				IPHONEOS_DEPLOYMENT_TARGET = 9.0;
				LD_RUNPATH_SEARCH_PATHS = "$(inherited) @executable_path/Frameworks";
				PRODUCT_BUNDLE_IDENTIFIER = com.ephraimkunz.StarWars;
				PRODUCT_NAME = "$(TARGET_NAME)";
				SWIFT_VERSION = 3.0;
			};
			name = Release;
		};
/* End XCBuildConfiguration section */

/* Begin XCConfigurationList section */
		18103EC51E3D6CEE007A0D57 /* Build configuration list for PBXProject "StarWars" */ = {
			isa = XCConfigurationList;
			buildConfigurations = (
				18103EDA1E3D6CF8007A0D57 /* Debug */,
				18103EDB1E3D6CF8007A0D57 /* Release */,
			);
			defaultConfigurationIsVisible = 0;
			defaultConfigurationName = Release;
		};
		18103EDC1E3D6CF8007A0D57 /* Build configuration list for PBXNativeTarget "StarWars" */ = {
			isa = XCConfigurationList;
			buildConfigurations = (
				18103EDD1E3D6CF8007A0D57 /* Debug */,
				18103EDE1E3D6CF8007A0D57 /* Release */,
			);
			defaultConfigurationIsVisible = 0;
			defaultConfigurationName = Release;
		};
/* End XCConfigurationList section */
	};
	rootObject = 18103EC21E3D6CEE007A0D57 /* Project object */;
}
